
Microsoft Visual Studio Solution File, Format Version 12.00
Project("{FAE04EC0-301F-11D3-BF4B-00C04F79EFBC}") = "code-examples", "code-examples\code-examples.csproj", "{8EFAA268-8A73-47A2-930D-A3C39061714D}"
EndProject
Global
	GlobalSection(SolutionConfigurationPlatforms) = preSolution
		Debug|Any CPU = Debug|Any CPU
		Release|Any CPU = Release|Any CPU
	EndGlobalSection
	GlobalSection(ProjectConfigurationPlatforms) = postSolution
		{8EFAA268-8A73-47A2-930D-A3C39061714D}.Debug|Any CPU.ActiveCfg = Debug|Any CPU
		{8EFAA268-8A73-47A2-930D-A3C39061714D}.Debug|Any CPU.Build.0 = Debug|Any CPU
		{8EFAA268-8A73-47A2-930D-A3C39061714D}.Release|Any CPU.ActiveCfg = Release|Any CPU
		{8EFAA268-8A73-47A2-930D-A3C39061714D}.Release|Any CPU.Build.0 = Release|Any CPU
	EndGlobalSection
EndGlobal
